
Microsoft Visual Studio Solution File, Format Version 10.00
# Visual Studio 2008
Project("{8BC9CEB8-8B4A-11D0-8D11-00A0C91BC942}") = "DatabaseDLL", "DatabaseDLL\DatabaseDLL.vcproj", "{2D0BE379-470A-4E7C-983D-31E765415530}"
EndProject
Project("{8BC9CEB8-8B4A-11D0-8D11-00A0C91BC942}") = "TypGuid", "TypGuid\TypGuid.vcproj", "{B47EB47C-1267-44BC-8EED-FDF6A13851C3}"
EndProject
Global
	GlobalSection(SolutionConfigurationPlatforms) = preSolution
		Debug|Win32 = Debug|Win32
		Release|Win32 = Release|Win32
	EndGlobalSection
	GlobalSection(ProjectConfigurationPlatforms) = postSolution
		{2D0BE379-470A-4E7C-983D-31E765415530}.Debug|Win32.ActiveCfg = Debug|Win32
		{2D0BE379-470A-4E7C-983D-31E765415530}.Debug|Win32.Build.0 = Debug|Win32
		{2D0BE379-470A-4E7C-983D-31E765415530}.Release|Win32.ActiveCfg = Release|Win32
		{2D0BE379-470A-4E7C-983D-31E765415530}.Release|Win32.Build.0 = Release|Win32
		{B47EB47C-1267-44BC-8EED-FDF6A13851C3}.Debug|Win32.ActiveCfg = Debug|Win32
		{B47EB47C-1267-44BC-8EED-FDF6A13851C3}.Debug|Win32.Build.0 = Debug|Win32
		{B47EB47C-1267-44BC-8EED-FDF6A13851C3}.Release|Win32.ActiveCfg = Release|Win32
		{B47EB47C-1267-44BC-8EED-FDF6A13851C3}.Release|Win32.Build.0 = Release|Win32
	EndGlobalSection
	GlobalSection(SolutionProperties) = preSolution
		HideSolutionNode = FALSE
	EndGlobalSection
EndGlobal
